
Microsoft Visual Studio Solution File, Format Version 12.00
# Visual Studio 15
VisualStudioVersion = 15.0.28307.421
MinimumVisualStudioVersion = 10.0.40219.1
Project("{FAE04EC0-301F-11D3-BF4B-00C04F79EFBC}") = "LinqMethods", "LinqMethods.csproj", "{03D6A3BD-0ADB-458F-9EE1-F9E084C2905B}"
EndProject
Global
	GlobalSection(SolutionConfigurationPlatforms) = preSolution
		Debug|Any CPU = Debug|Any CPU
		Release|Any CPU = Release|Any CPU
	EndGlobalSection
	GlobalSection(ProjectConfigurationPlatforms) = postSolution
		{03D6A3BD-0ADB-458F-9EE1-F9E084C2905B}.Debug|Any CPU.ActiveCfg = Debug|Any CPU
		{03D6A3BD-0ADB-458F-9EE1-F9E084C2905B}.Debug|Any CPU.Build.0 = Debug|Any CPU
		{03D6A3BD-0ADB-458F-9EE1-F9E084C2905B}.Release|Any CPU.ActiveCfg = Release|Any CPU
		{03D6A3BD-0ADB-458F-9EE1-F9E084C2905B}.Release|Any CPU.Build.0 = Release|Any CPU
	EndGlobalSection
	GlobalSection(SolutionProperties) = preSolution
		HideSolutionNode = FALSE
	EndGlobalSection
	GlobalSection(ExtensibilityGlobals) = postSolution
		SolutionGuid = {61CF2CCD-B160-4C1B-9327-FA466E1A6768}
	EndGlobalSection
EndGlobal
